{
  "name": "react-native-signature-canvas",
  "version": "5.0.2",
  "lockfileVersion": 3,
  "requires": true,
  "packages": {
    "": {
      "name": "react-native-signature-canvas",
      "version": "5.0.2",
      "license": "MIT",
      "peerDependencies": {
        "@shopify/react-native-skia": ">=0.1.0"
      }
    },
    "node_modules/@shopify/react-native-skia": {
      "version": "2.6.2",
      "resolved": "https://registry.npmjs.org/@shopify/react-native-skia/-/react-native-skia-2.6.2.tgz",
      "integrity": "sha512-NzZ3+MRedZAUhguWw9DTCpWFd09Bq+tdGWhimGfJLGckuyoWGyimTiNTmaO2DeeivHTnGdv+eXbw7j/AV3LkRQ==",
      "hasInstallScript": true,
      "license": "MIT",
      "peer": true,
      "dependencies": {
        "canvaskit-wasm": "0.41.0",
        "react-native-skia-android": "147.1.0",
        "react-native-skia-apple-ios": "147.1.0",
        "react-native-skia-apple-macos": "147.1.0",
        "react-native-skia-apple-tvos": "147.1.0",
        "react-reconciler": "0.31.0"
      },
      "bin": {
        "install-skia": "scripts/install-libs.js",
        "setup-skia-web": "scripts/setup-canvaskit.js"
      },
      "peerDependencies": {
        "react": ">=19.0",
        "react-native": ">=0.78",
        "react-native-reanimated": ">=3.19.1"
      },
      "peerDependenciesMeta": {
        "react-native": {
          "optional": true
        },
        "react-native-reanimated": {
          "optional": true
        }
      }
    },
    "node_modules/@webgpu/types": {
      "version": "0.1.21",
      "resolved": "https://registry.npmjs.org/@webgpu/types/-/types-0.1.21.tgz",
      "integrity": "sha512-pUrWq3V5PiSGFLeLxoGqReTZmiiXwY3jRkIG5sLLKjyqNxrwm/04b4nw7LSmGWJcKk59XOM/YRTUwOzo4MMlow==",
      "license": "BSD-3-Clause",
      "peer": true
    },
    "node_modules/canvaskit-wasm": {
      "version": "0.41.0",
      "resolved": "https://registry.npmjs.org/canvaskit-wasm/-/canvaskit-wasm-0.41.0.tgz",
      "integrity": "sha512-cnbL02NFB3yOYMF/MtxViZHgD1vh55Pvy+zR8q4JuFvyCPejZP3eClkt2GuZ0S7jOmGMCJXaHBasbMChbR9JZg==",
      "license": "BSD-3-Clause",
      "peer": true,
      "dependencies": {
        "@webgpu/types": "0.1.21"
      }
    },
    "node_modules/react": {
      "version": "19.2.5",
      "resolved": "https://registry.npmjs.org/react/-/react-19.2.5.tgz",
      "integrity": "sha512-llUJLzz1zTUBrskt2pwZgLq59AemifIftw4aB7JxOqf1HY2FDaGDxgwpAPVzHU1kdWabH7FauP4i1oEeer2WCA==",
      "license": "MIT",
      "peer": true,
      "engines": {
        "node": ">=0.10.0"
      }
    },
    "node_modules/react-native-skia-android": {
      "version": "147.1.0",
      "resolved": "https://registry.npmjs.org/react-native-skia-android/-/react-native-skia-android-147.1.0.tgz",
      "integrity": "sha512-pWA0M0G74AhjEop0HLCkjWJMup2HJxOmuUjfPt6kSDhYeWKVx8AEzWh0Fh19ah78zE/s4hD0Of0Tyem5shhiTg==",
      "license": "MIT",
      "peer": true
    },
    "node_modules/react-native-skia-apple-ios": {
      "version": "147.1.0",
      "resolved": "https://registry.npmjs.org/react-native-skia-apple-ios/-/react-native-skia-apple-ios-147.1.0.tgz",
      "integrity": "sha512-cr4rWe4Bf0H0TTutUp5cgHt5/Felttl1bh4BAAAsgAeL2F10FAK9urX8spjUshzMwjqXD7rNOWuFzU6ZcNlGKw==",
      "license": "MIT",
      "peer": true
    },
    "node_modules/react-native-skia-apple-macos": {
      "version": "147.1.0",
      "resolved": "https://registry.npmjs.org/react-native-skia-apple-macos/-/react-native-skia-apple-macos-147.1.0.tgz",
      "integrity": "sha512-Qbv0Y7LgawtRKuGk8gnGeh8nDWwNiu03LcX0mVaQzBBbxFDYvqejanA+AkO3p8gsQb+fsXRc9DAk+U8cBnzZvA==",
      "license": "MIT",
      "peer": true
    },
    "node_modules/react-native-skia-apple-tvos": {
      "version": "147.1.0",
      "resolved": "https://registry.npmjs.org/react-native-skia-apple-tvos/-/react-native-skia-apple-tvos-147.1.0.tgz",
      "integrity": "sha512-b+4vILXHPu++t8H41PHLBVsTab2LPqwXNdzgdScyl4+Cu8Ta34aUQW3T469cB0ogAMPdu//KV00w4YVpDZoRUQ==",
      "license": "MIT",
      "peer": true
    },
    "node_modules/react-reconciler": {
      "version": "0.31.0",
      "resolved": "https://registry.npmjs.org/react-reconciler/-/react-reconciler-0.31.0.tgz",
      "integrity": "sha512-7Ob7Z+URmesIsIVRjnLoDGwBEG/tVitidU0nMsqX/eeJaLY89RISO/10ERe0MqmzuKUUB1rmY+h1itMbUHg9BQ==",
      "license": "MIT",
      "peer": true,
      "dependencies": {
        "scheduler": "^0.25.0"
      },
      "engines": {
        "node": ">=0.10.0"
      },
      "peerDependencies": {
        "react": "^19.0.0"
      }
    },
    "node_modules/scheduler": {
      "version": "0.25.0",
      "resolved": "https://registry.npmjs.org/scheduler/-/scheduler-0.25.0.tgz",
      "integrity": "sha512-xFVuu11jh+xcO7JOAGJNOXld8/TcEHK/4CituBUeUb5hqxJLj9YuemAEuvm9gQ/+pgXYfbQuqAkiYu+u7YEsNA==",
      "license": "MIT",
      "peer": true
    }
  }
}
